
Microsoft Visual Studio Solution File, Format Version 12.00
# Visual Studio 2012
Project("{FAE04EC0-301F-11D3-BF4B-00C04F79EFBC}") = "AutoLayoutButton", "AutoLayoutButton.csproj", "{A6A32F89-440C-4E2F-B50B-535CB28F15B3}"
EndProject
Global
	GlobalSection(SolutionConfigurationPlatforms) = preSolution
		Debug|iPhoneSimulator = Debug|iPhoneSimulator
		Release|iPhoneSimulator = Release|iPhoneSimulator
		Debug|iPhone = Debug|iPhone
		Release|iPhone = Release|iPhone
		Ad-Hoc|iPhone = Ad-Hoc|iPhone
		AppStore|iPhone = AppStore|iPhone
	EndGlobalSection
	GlobalSection(ProjectConfigurationPlatforms) = postSolution
		{A6A32F89-440C-4E2F-B50B-535CB28F15B3}.Ad-Hoc|iPhone.ActiveCfg = Ad-Hoc|iPhone
		{A6A32F89-440C-4E2F-B50B-535CB28F15B3}.Ad-Hoc|iPhone.Build.0 = Ad-Hoc|iPhone
		{A6A32F89-440C-4E2F-B50B-535CB28F15B3}.AppStore|iPhone.ActiveCfg = AppStore|iPhone
		{A6A32F89-440C-4E2F-B50B-535CB28F15B3}.AppStore|iPhone.Build.0 = AppStore|iPhone
		{A6A32F89-440C-4E2F-B50B-535CB28F15B3}.Debug|iPhone.ActiveCfg = Debug|iPhone
		{A6A32F89-440C-4E2F-B50B-535CB28F15B3}.Debug|iPhone.Build.0 = Debug|iPhone
		{A6A32F89-440C-4E2F-B50B-535CB28F15B3}.Debug|iPhoneSimulator.ActiveCfg = Debug|iPhoneSimulator
		{A6A32F89-440C-4E2F-B50B-535CB28F15B3}.Debug|iPhoneSimulator.Build.0 = Debug|iPhoneSimulator
		{A6A32F89-440C-4E2F-B50B-535CB28F15B3}.Release|iPhone.ActiveCfg = Release|iPhone
		{A6A32F89-440C-4E2F-B50B-535CB28F15B3}.Release|iPhone.Build.0 = Release|iPhone
		{A6A32F89-440C-4E2F-B50B-535CB28F15B3}.Release|iPhoneSimulator.ActiveCfg = Release|iPhoneSimulator
		{A6A32F89-440C-4E2F-B50B-535CB28F15B3}.Release|iPhoneSimulator.Build.0 = Release|iPhoneSimulator
	EndGlobalSection
	GlobalSection(MonoDevelopProperties) = preSolution
		StartupItem = AutoLayoutButton.csproj
	EndGlobalSection
EndGlobal
